// !$*UTF8*$!
{
	archiveVersion = 1;
	classes = {
	};
	objectVersion = 60;
	objects = {

/* Begin PBXBuildFile section */
		B000000000000001 /* RetroVisionCabsConverterApp.swift in Sources */ = {isa = PBXBuildFile; fileRef = C000000000000101 /* RetroVisionCabsConverterApp.swift */; };
		B000000000000002 /* ContentView.swift in Sources */ = {isa = PBXBuildFile; fileRef = C000000000000102 /* ContentView.swift */; };
		B000000000000003 /* RetroVisionPaths.swift in Sources */ = {isa = PBXBuildFile; fileRef = C000000000000103 /* RetroVisionPaths.swift */; };
		B000000000000004 /* CabinetScanner.swift in Sources */ = {isa = PBXBuildFile; fileRef = C000000000000104 /* CabinetScanner.swift */; };
		B000000000000005 /* ProcessRunner.swift in Sources */ = {isa = PBXBuildFile; fileRef = C000000000000105 /* ProcessRunner.swift */; };
		B000000000000006 /* FolderPickerField.swift in Sources */ = {isa = PBXBuildFile; fileRef = C000000000000106 /* FolderPickerField.swift */; };
		B000000000000007 /* Assets.xcassets in Resources */ = {isa = PBXBuildFile; fileRef = C000000000000201 /* Assets.xcassets */; };
		B000000000000008 /* DependencyManager.swift in Sources */ = {isa = PBXBuildFile; fileRef = C000000000000107 /* DependencyManager.swift */; };
		B000000000000009 /* SetupView.swift in Sources */ = {isa = PBXBuildFile; fileRef = C000000000000108 /* SetupView.swift */; };
		B00000000000000B /* FolderSetupView.swift in Sources */ = {isa = PBXBuildFile; fileRef = C00000000000010A /* FolderSetupView.swift */; };
		B00000000000000C /* SecureScriptManager.swift in Sources */ = {isa = PBXBuildFile; fileRef = C00000000000010B /* SecureScriptManager.swift */; };
		B00000000000000D /* DescriptionParser.swift in Sources */ = {isa = PBXBuildFile; fileRef = C00000000000010C /* DescriptionParser.swift */; };
		B00000000000000E /* CabinetDetailModel.swift in Sources */ = {isa = PBXBuildFile; fileRef = C00000000000010D /* CabinetDetailModel.swift */; };
		B00000000000000F /* ValidationEngine.swift in Sources */ = {isa = PBXBuildFile; fileRef = C00000000000010E /* ValidationEngine.swift */; };
		B000000000000013 /* CabinetDetailView.swift in Sources */ = {isa = PBXBuildFile; fileRef = C00000000000010F /* CabinetDetailView.swift */; };
		B000000000000014 /* MediaInspectorView.swift in Sources */ = {isa = PBXBuildFile; fileRef = C000000000000112 /* MediaInspectorView.swift */; };
		B000000000000015 /* MediaOverrideManager.swift in Sources */ = {isa = PBXBuildFile; fileRef = C000000000000113 /* MediaOverrideManager.swift */; };
		B000000000000016 /* CabinetTemplate.swift in Sources */ = {isa = PBXBuildFile; fileRef = C000000000000114 /* CabinetTemplate.swift */; };
		B000000000000017 /* TemplateManager.swift in Sources */ = {isa = PBXBuildFile; fileRef = C000000000000115 /* TemplateManager.swift */; };
		B000000000000018 /* BuildView.swift in Sources */ = {isa = PBXBuildFile; fileRef = C000000000000116 /* BuildView.swift */; };
		B000000000000019 /* Templates in Resources */ = {isa = PBXBuildFile; fileRef = C000000000000202 /* Templates */; };
		B00000000000001A /* ModelPreviewView.swift in Sources */ = {isa = PBXBuildFile; fileRef = C000000000000117 /* ModelPreviewView.swift */; };
		B00000000000001B /* TemplateAssignmentManager.swift in Sources */ = {isa = PBXBuildFile; fileRef = C000000000000118 /* TemplateAssignmentManager.swift */; };
		B00000000000001C /* DiscoveredCabinet.swift in Sources */ = {isa = PBXBuildFile; fileRef = C000000000000119 /* DiscoveredCabinet.swift */; };
		B00000000000001D /* CabinetAnalyzer.swift in Sources */ = {isa = PBXBuildFile; fileRef = C00000000000011A /* CabinetAnalyzer.swift */; };
		B00000000000001E /* PreviewGenerator.swift in Sources */ = {isa = PBXBuildFile; fileRef = C00000000000011B /* PreviewGenerator.swift */; };
		B00000000000001F /* CabinetGalleryView.swift in Sources */ = {isa = PBXBuildFile; fileRef = C00000000000011C /* CabinetGalleryView.swift */; };
		B000000000000020 /* CabinetGalleryCard.swift in Sources */ = {isa = PBXBuildFile; fileRef = C00000000000011D /* CabinetGalleryCard.swift */; };
		B000000000000021 /* CabinetDetailSheet.swift in Sources */ = {isa = PBXBuildFile; fileRef = C00000000000011E /* CabinetDetailSheet.swift */; };
		B000000000000022 /* GalleryStorage.swift in Sources */ = {isa = PBXBuildFile; fileRef = C00000000000011F /* GalleryStorage.swift */; };
		B000000000000023 /* TemplateMatchView.swift in Sources */ = {isa = PBXBuildFile; fileRef = C000000000000120 /* TemplateMatchView.swift */; };
		B000000000000030 /* DiscoveredProp.swift in Sources */ = {isa = PBXBuildFile; fileRef = C000000000000130 /* DiscoveredProp.swift */; };
		B000000000000031 /* PropsAnalyzer.swift in Sources */ = {isa = PBXBuildFile; fileRef = C000000000000131 /* PropsAnalyzer.swift */; };
		B000000000000032 /* PropsStorage.swift in Sources */ = {isa = PBXBuildFile; fileRef = C000000000000132 /* PropsStorage.swift */; };
		B000000000000033 /* PropsGalleryView.swift in Sources */ = {isa = PBXBuildFile; fileRef = C000000000000133 /* PropsGalleryView.swift */; };
		B000000000000034 /* PropGalleryCard.swift in Sources */ = {isa = PBXBuildFile; fileRef = C000000000000134 /* PropGalleryCard.swift */; };
		B000000000000035 /* PropDetailSheet.swift in Sources */ = {isa = PBXBuildFile; fileRef = C000000000000135 /* PropDetailSheet.swift */; };
		B000000000000036 /* PropsPreviewGenerator.swift in Sources */ = {isa = PBXBuildFile; fileRef = C000000000000136 /* PropsPreviewGenerator.swift */; };
		B000000000000037 /* PropsConverter.swift in Sources */ = {isa = PBXBuildFile; fileRef = C000000000000137 /* PropsConverter.swift */; };
		B000000000000038 /* PropsTemplateManager.swift in Sources */ = {isa = PBXBuildFile; fileRef = C000000000000138 /* PropsTemplateManager.swift */; };
		B000000000000039 /* CreatePropTemplateSheet.swift in Sources */ = {isa = PBXBuildFile; fileRef = C000000000000139 /* CreatePropTemplateSheet.swift */; };
		B000000000000040 /* VisionOSPropExporter.swift in Sources */ = {isa = PBXBuildFile; fileRef = C000000000000140 /* VisionOSPropExporter.swift */; };
		B000000000000041 /* PropEditSheet.swift in Sources */ = {isa = PBXBuildFile; fileRef = C000000000000141 /* PropEditSheet.swift */; };
		B000000000000042 /* PropExportSheet.swift in Sources */ = {isa = PBXBuildFile; fileRef = C000000000000142 /* PropExportSheet.swift */; };
		B000000000000043 /* VisionOSCabinetExporter.swift in Sources */ = {isa = PBXBuildFile; fileRef = C000000000000143 /* VisionOSCabinetExporter.swift */; };
		B000000000000044 /* CabinetExportSheet.swift in Sources */ = {isa = PBXBuildFile; fileRef = C000000000000144 /* CabinetExportSheet.swift */; };
		B000000000000045 /* SecurityUtils.swift in Sources */ = {isa = PBXBuildFile; fileRef = C000000000000145 /* SecurityUtils.swift */; };
		B000000000000046 /* PrivacyPolicyView.swift in Sources */ = {isa = PBXBuildFile; fileRef = C000000000000147 /* PrivacyPolicyView.swift */; };
/* End PBXBuildFile section */

/* Begin PBXFileReference section */
		C000000000000101 /* RetroVisionCabsConverterApp.swift */ = {isa = PBXFileReference; lastKnownFileType = sourcecode.swift; path = RetroVisionCabsConverterApp.swift; sourceTree = "<group>"; };
		C000000000000102 /* ContentView.swift */ = {isa = PBXFileReference; lastKnownFileType = sourcecode.swift; path = ContentView.swift; sourceTree = "<group>"; };
		C000000000000103 /* RetroVisionPaths.swift */ = {isa = PBXFileReference; lastKnownFileType = sourcecode.swift; path = RetroVisionPaths.swift; sourceTree = "<group>"; };
		C000000000000104 /* CabinetScanner.swift */ = {isa = PBXFileReference; lastKnownFileType = sourcecode.swift; path = CabinetScanner.swift; sourceTree = "<group>"; };
		C000000000000105 /* ProcessRunner.swift */ = {isa = PBXFileReference; lastKnownFileType = sourcecode.swift; path = ProcessRunner.swift; sourceTree = "<group>"; };
		C000000000000106 /* FolderPickerField.swift */ = {isa = PBXFileReference; lastKnownFileType = sourcecode.swift; path = FolderPickerField.swift; sourceTree = "<group>"; };
		C000000000000107 /* DependencyManager.swift */ = {isa = PBXFileReference; lastKnownFileType = sourcecode.swift; path = DependencyManager.swift; sourceTree = "<group>"; };
		C000000000000108 /* SetupView.swift */ = {isa = PBXFileReference; lastKnownFileType = sourcecode.swift; path = SetupView.swift; sourceTree = "<group>"; };
		C000000000000109 /* RetroVisionCabsConverter.entitlements */ = {isa = PBXFileReference; lastKnownFileType = text.plist.entitlements; path = RetroVisionCabsConverter.entitlements; sourceTree = "<group>"; };
		C00000000000010A /* FolderSetupView.swift */ = {isa = PBXFileReference; lastKnownFileType = sourcecode.swift; path = FolderSetupView.swift; sourceTree = "<group>"; };
		C00000000000010B /* SecureScriptManager.swift */ = {isa = PBXFileReference; lastKnownFileType = sourcecode.swift; path = SecureScriptManager.swift; sourceTree = "<group>"; };
		C00000000000010C /* DescriptionParser.swift */ = {isa = PBXFileReference; lastKnownFileType = sourcecode.swift; path = DescriptionParser.swift; sourceTree = "<group>"; };
		C00000000000010D /* CabinetDetailModel.swift */ = {isa = PBXFileReference; lastKnownFileType = sourcecode.swift; path = CabinetDetailModel.swift; sourceTree = "<group>"; };
		C00000000000010E /* ValidationEngine.swift */ = {isa = PBXFileReference; lastKnownFileType = sourcecode.swift; path = ValidationEngine.swift; sourceTree = "<group>"; };
		C00000000000010F /* CabinetDetailView.swift */ = {isa = PBXFileReference; lastKnownFileType = sourcecode.swift; path = CabinetDetailView.swift; sourceTree = "<group>"; };
		C000000000000112 /* MediaInspectorView.swift */ = {isa = PBXFileReference; lastKnownFileType = sourcecode.swift; path = MediaInspectorView.swift; sourceTree = "<group>"; };
		C000000000000113 /* MediaOverrideManager.swift */ = {isa = PBXFileReference; lastKnownFileType = sourcecode.swift; path = MediaOverrideManager.swift; sourceTree = "<group>"; };
		C000000000000114 /* CabinetTemplate.swift */ = {isa = PBXFileReference; lastKnownFileType = sourcecode.swift; path = CabinetTemplate.swift; sourceTree = "<group>"; };
		C000000000000115 /* TemplateManager.swift */ = {isa = PBXFileReference; lastKnownFileType = sourcecode.swift; path = TemplateManager.swift; sourceTree = "<group>"; };
		C000000000000116 /* BuildView.swift */ = {isa = PBXFileReference; lastKnownFileType = sourcecode.swift; path = BuildView.swift; sourceTree = "<group>"; };
		C000000000000117 /* ModelPreviewView.swift */ = {isa = PBXFileReference; lastKnownFileType = sourcecode.swift; path = ModelPreviewView.swift; sourceTree = "<group>"; };
		C000000000000118 /* TemplateAssignmentManager.swift */ = {isa = PBXFileReference; lastKnownFileType = sourcecode.swift; path = TemplateAssignmentManager.swift; sourceTree = "<group>"; };
		C000000000000119 /* DiscoveredCabinet.swift */ = {isa = PBXFileReference; lastKnownFileType = sourcecode.swift; path = "CabinetGallery/DiscoveredCabinet.swift"; sourceTree = "<group>"; };
		C00000000000011A /* CabinetAnalyzer.swift */ = {isa = PBXFileReference; lastKnownFileType = sourcecode.swift; path = "CabinetGallery/CabinetAnalyzer.swift"; sourceTree = "<group>"; };
		C00000000000011B /* PreviewGenerator.swift */ = {isa = PBXFileReference; lastKnownFileType = sourcecode.swift; path = "CabinetGallery/PreviewGenerator.swift"; sourceTree = "<group>"; };
		C00000000000011C /* CabinetGalleryView.swift */ = {isa = PBXFileReference; lastKnownFileType = sourcecode.swift; path = "CabinetGallery/CabinetGalleryView.swift"; sourceTree = "<group>"; };
		C00000000000011D /* CabinetGalleryCard.swift */ = {isa = PBXFileReference; lastKnownFileType = sourcecode.swift; path = "CabinetGallery/CabinetGalleryCard.swift"; sourceTree = "<group>"; };
		C00000000000011E /* CabinetDetailSheet.swift */ = {isa = PBXFileReference; lastKnownFileType = sourcecode.swift; path = "CabinetGallery/CabinetDetailSheet.swift"; sourceTree = "<group>"; };
		C00000000000011F /* GalleryStorage.swift */ = {isa = PBXFileReference; lastKnownFileType = sourcecode.swift; path = "CabinetGallery/GalleryStorage.swift"; sourceTree = "<group>"; };
		C000000000000120 /* TemplateMatchView.swift */ = {isa = PBXFileReference; lastKnownFileType = sourcecode.swift; path = "CabinetGallery/TemplateMatchView.swift"; sourceTree = "<group>"; };
		C000000000000130 /* DiscoveredProp.swift */ = {isa = PBXFileReference; lastKnownFileType = sourcecode.swift; path = "PropsGallery/DiscoveredProp.swift"; sourceTree = "<group>"; };
		C000000000000131 /* PropsAnalyzer.swift */ = {isa = PBXFileReference; lastKnownFileType = sourcecode.swift; path = "PropsGallery/PropsAnalyzer.swift"; sourceTree = "<group>"; };
		C000000000000132 /* PropsStorage.swift */ = {isa = PBXFileReference; lastKnownFileType = sourcecode.swift; path = "PropsGallery/PropsStorage.swift"; sourceTree = "<group>"; };
		C000000000000133 /* PropsGalleryView.swift */ = {isa = PBXFileReference; lastKnownFileType = sourcecode.swift; path = "PropsGallery/PropsGalleryView.swift"; sourceTree = "<group>"; };
		C000000000000134 /* PropGalleryCard.swift */ = {isa = PBXFileReference; lastKnownFileType = sourcecode.swift; path = "PropsGallery/PropGalleryCard.swift"; sourceTree = "<group>"; };
		C000000000000135 /* PropDetailSheet.swift */ = {isa = PBXFileReference; lastKnownFileType = sourcecode.swift; path = "PropsGallery/PropDetailSheet.swift"; sourceTree = "<group>"; };
		C000000000000136 /* PropsPreviewGenerator.swift */ = {isa = PBXFileReference; lastKnownFileType = sourcecode.swift; path = "PropsGallery/PropsPreviewGenerator.swift"; sourceTree = "<group>"; };
		C000000000000137 /* PropsConverter.swift */ = {isa = PBXFileReference; lastKnownFileType = sourcecode.swift; path = "PropsGallery/PropsConverter.swift"; sourceTree = "<group>"; };
		C000000000000138 /* PropsTemplateManager.swift */ = {isa = PBXFileReference; lastKnownFileType = sourcecode.swift; path = "PropsGallery/PropsTemplateManager.swift"; sourceTree = "<group>"; };
		C000000000000139 /* CreatePropTemplateSheet.swift */ = {isa = PBXFileReference; lastKnownFileType = sourcecode.swift; path = "PropsGallery/CreatePropTemplateSheet.swift"; sourceTree = "<group>"; };
		C000000000000140 /* VisionOSPropExporter.swift */ = {isa = PBXFileReference; lastKnownFileType = sourcecode.swift; path = "PropsGallery/VisionOSPropExporter.swift"; sourceTree = "<group>"; };
		C000000000000141 /* PropEditSheet.swift */ = {isa = PBXFileReference; lastKnownFileType = sourcecode.swift; path = "PropsGallery/PropEditSheet.swift"; sourceTree = "<group>"; };
		C000000000000142 /* PropExportSheet.swift */ = {isa = PBXFileReference; lastKnownFileType = sourcecode.swift; path = "PropsGallery/PropExportSheet.swift"; sourceTree = "<group>"; };
		C000000000000143 /* VisionOSCabinetExporter.swift */ = {isa = PBXFileReference; lastKnownFileType = sourcecode.swift; path = "CabinetGallery/VisionOSCabinetExporter.swift"; sourceTree = "<group>"; };
		C000000000000144 /* CabinetExportSheet.swift */ = {isa = PBXFileReference; lastKnownFileType = sourcecode.swift; path = "CabinetGallery/CabinetExportSheet.swift"; sourceTree = "<group>"; };
		C000000000000145 /* SecurityUtils.swift */ = {isa = PBXFileReference; lastKnownFileType = sourcecode.swift; path = SecurityUtils.swift; sourceTree = "<group>"; };
		C000000000000146 /* Info.plist */ = {isa = PBXFileReference; lastKnownFileType = text.plist.xml; path = Info.plist; sourceTree = "<group>"; };
		C000000000000147 /* PrivacyPolicyView.swift */ = {isa = PBXFileReference; lastKnownFileType = sourcecode.swift; path = PrivacyPolicyView.swift; sourceTree = "<group>"; };
		C000000000000201 /* Assets.xcassets */ = {isa = PBXFileReference; lastKnownFileType = folder.assetcatalog; path = Assets.xcassets; sourceTree = "<group>"; };
		C000000000000202 /* Templates */ = {isa = PBXFileReference; lastKnownFileType = folder; path = Resources/Templates; sourceTree = "<group>"; };
		C000000000000301 /* RetroVisionCabsConverter.app */ = {isa = PBXFileReference; explicitFileType = wrapper.application; path = RetroVisionCabsConverter.app; sourceTree = BUILT_PRODUCTS_DIR; };
/* End PBXFileReference section */

/* Begin PBXFrameworksBuildPhase section */
		D000000000000030 /* Frameworks */ = {
			isa = PBXFrameworksBuildPhase;
			buildActionMask = 2147483647;
			files = (
			);
			runOnlyForDeploymentPostprocessing = 0;
		};
/* End PBXFrameworksBuildPhase section */

/* Begin PBXGroup section */
		D000000000000010 = {
			isa = PBXGroup;
			children = (
				D000000000000020 /* RetroVisionCabsConverter */,
				D000000000000011 /* Products */,
			);
			sourceTree = "<group>";
		};
		D000000000000011 /* Products */ = {
			isa = PBXGroup;
			children = (
				C000000000000301 /* RetroVisionCabsConverter.app */,
			);
			name = Products;
			sourceTree = "<group>";
		};
		D000000000000020 /* RetroVisionCabsConverter */ = {
			isa = PBXGroup;
			children = (
				C000000000000101 /* RetroVisionCabsConverterApp.swift */,
				C000000000000102 /* ContentView.swift */,
				C000000000000108 /* SetupView.swift */,
				C00000000000010A /* FolderSetupView.swift */,
				C00000000000010F /* CabinetDetailView.swift */,
				C000000000000112 /* MediaInspectorView.swift */,
				C000000000000116 /* BuildView.swift */,
				C000000000000117 /* ModelPreviewView.swift */,
				C000000000000118 /* TemplateAssignmentManager.swift */,
				C000000000000119 /* DiscoveredCabinet.swift */,
				C00000000000011A /* CabinetAnalyzer.swift */,
				C00000000000011B /* PreviewGenerator.swift */,
				C00000000000011C /* CabinetGalleryView.swift */,
				C00000000000011D /* CabinetGalleryCard.swift */,
				C00000000000011E /* CabinetDetailSheet.swift */,
				C00000000000011F /* GalleryStorage.swift */,
				C000000000000120 /* TemplateMatchView.swift */,
				C000000000000130 /* DiscoveredProp.swift */,
				C000000000000131 /* PropsAnalyzer.swift */,
				C000000000000132 /* PropsStorage.swift */,
				C000000000000133 /* PropsGalleryView.swift */,
				C000000000000134 /* PropGalleryCard.swift */,
				C000000000000135 /* PropDetailSheet.swift */,
				C000000000000136 /* PropsPreviewGenerator.swift */,
				C000000000000137 /* PropsConverter.swift */,
				C000000000000138 /* PropsTemplateManager.swift */,
				C000000000000139 /* CreatePropTemplateSheet.swift */,
				C000000000000140 /* VisionOSPropExporter.swift */,
				C000000000000141 /* PropEditSheet.swift */,
				C000000000000142 /* PropExportSheet.swift */,
				C000000000000143 /* VisionOSCabinetExporter.swift */,
				C000000000000144 /* CabinetExportSheet.swift */,
				C000000000000145 /* SecurityUtils.swift */,
				C000000000000146 /* Info.plist */,
				C000000000000147 /* PrivacyPolicyView.swift */,
				C000000000000103 /* RetroVisionPaths.swift */,
				C000000000000104 /* CabinetScanner.swift */,
				C00000000000010C /* DescriptionParser.swift */,
				C00000000000010D /* CabinetDetailModel.swift */,
				C000000000000114 /* CabinetTemplate.swift */,
				C000000000000115 /* TemplateManager.swift */,
				C00000000000010E /* ValidationEngine.swift */,
				C000000000000113 /* MediaOverrideManager.swift */,
				C000000000000105 /* ProcessRunner.swift */,
				C000000000000106 /* FolderPickerField.swift */,
				C000000000000107 /* DependencyManager.swift */,
				C00000000000010B /* SecureScriptManager.swift */,
				C000000000000109 /* RetroVisionCabsConverter.entitlements */,
				C000000000000201 /* Assets.xcassets */,
				C000000000000202 /* Templates */,
			);
			path = RetroVisionCabsConverter;
			sourceTree = "<group>";
		};
/* End PBXGroup section */

/* Begin PBXNativeTarget section */
		D000000000000090 /* RetroVisionCabsConverter */ = {
			isa = PBXNativeTarget;
			buildConfigurationList = E0000000000000A0 /* Build configuration list for PBXNativeTarget "RetroVisionCabsConverter" */;
			buildPhases = (
				D000000000000091 /* Sources */,
				D000000000000092 /* Resources */,
				D000000000000030 /* Frameworks */,
			);
			buildRules = (
			);
			dependencies = (
			);
			name = RetroVisionCabsConverter;
			productName = RetroVisionCabsConverter;
			productReference = C000000000000301 /* RetroVisionCabsConverter.app */;
			productType = "com.apple.product-type.application";
		};
/* End PBXNativeTarget section */

/* Begin PBXProject section */
		D000000000000000 /* Project object */ = {
			isa = PBXProject;
			attributes = {
				BuildIndependentTargetsInParallel = 1;
				LastSwiftUpdateCheck = 1600;
				LastUpgradeCheck = 1600;
				TargetAttributes = {
					D000000000000090 = {
						CreatedOnToolsVersion = 16.0;
					};
				};
			};
			buildConfigurationList = E0000000000000B0 /* Build configuration list for PBXProject "RetroVisionCabsConverter" */;
			compatibilityVersion = "Xcode 15.0";
			developmentRegion = en;
			hasScannedForEncodings = 0;
			knownRegions = (
				en,
				Base,
			);
			mainGroup = D000000000000010;
			productRefGroup = D000000000000011 /* Products */;
			projectDirPath = "";
			projectRoot = "";
			targets = (
				D000000000000090 /* RetroVisionCabsConverter */,
			);
		};
/* End PBXProject section */

/* Begin PBXResourcesBuildPhase section */
		D000000000000092 /* Resources */ = {
			isa = PBXResourcesBuildPhase;
			buildActionMask = 2147483647;
			files = (
				B000000000000007 /* Assets.xcassets in Resources */,
				B000000000000019 /* Templates in Resources */,
			);
			runOnlyForDeploymentPostprocessing = 0;
		};
/* End PBXResourcesBuildPhase section */

/* Begin PBXSourcesBuildPhase section */
		D000000000000091 /* Sources */ = {
			isa = PBXSourcesBuildPhase;
			buildActionMask = 2147483647;
			files = (
				B000000000000001 /* RetroVisionCabsConverterApp.swift in Sources */,
				B000000000000002 /* ContentView.swift in Sources */,
				B000000000000009 /* SetupView.swift in Sources */,
				B00000000000000B /* FolderSetupView.swift in Sources */,
				B000000000000013 /* CabinetDetailView.swift in Sources */,
				B000000000000014 /* MediaInspectorView.swift in Sources */,
				B000000000000003 /* RetroVisionPaths.swift in Sources */,
				B000000000000004 /* CabinetScanner.swift in Sources */,
				B00000000000000D /* DescriptionParser.swift in Sources */,
				B00000000000000E /* CabinetDetailModel.swift in Sources */,
				B00000000000000F /* ValidationEngine.swift in Sources */,
				B000000000000015 /* MediaOverrideManager.swift in Sources */,
				B000000000000005 /* ProcessRunner.swift in Sources */,
				B000000000000006 /* FolderPickerField.swift in Sources */,
				B000000000000008 /* DependencyManager.swift in Sources */,
				B00000000000000C /* SecureScriptManager.swift in Sources */,
				B000000000000016 /* CabinetTemplate.swift in Sources */,
				B000000000000017 /* TemplateManager.swift in Sources */,
				B000000000000018 /* BuildView.swift in Sources */,
				B00000000000001A /* ModelPreviewView.swift in Sources */,
				B00000000000001B /* TemplateAssignmentManager.swift in Sources */,
				B00000000000001C /* DiscoveredCabinet.swift in Sources */,
				B00000000000001D /* CabinetAnalyzer.swift in Sources */,
				B00000000000001E /* PreviewGenerator.swift in Sources */,
				B00000000000001F /* CabinetGalleryView.swift in Sources */,
				B000000000000020 /* CabinetGalleryCard.swift in Sources */,
				B000000000000021 /* CabinetDetailSheet.swift in Sources */,
				B000000000000022 /* GalleryStorage.swift in Sources */,
				B000000000000023 /* TemplateMatchView.swift in Sources */,
				B000000000000030 /* DiscoveredProp.swift in Sources */,
				B000000000000031 /* PropsAnalyzer.swift in Sources */,
				B000000000000032 /* PropsStorage.swift in Sources */,
				B000000000000033 /* PropsGalleryView.swift in Sources */,
				B000000000000034 /* PropGalleryCard.swift in Sources */,
				B000000000000035 /* PropDetailSheet.swift in Sources */,
				B000000000000036 /* PropsPreviewGenerator.swift in Sources */,
				B000000000000037 /* PropsConverter.swift in Sources */,
				B000000000000038 /* PropsTemplateManager.swift in Sources */,
				B000000000000039 /* CreatePropTemplateSheet.swift in Sources */,
				B000000000000040 /* VisionOSPropExporter.swift in Sources */,
				B000000000000041 /* PropEditSheet.swift in Sources */,
				B000000000000042 /* PropExportSheet.swift in Sources */,
				B000000000000043 /* VisionOSCabinetExporter.swift in Sources */,
				B000000000000044 /* CabinetExportSheet.swift in Sources */,
				B000000000000045 /* SecurityUtils.swift in Sources */,
				B000000000000046 /* PrivacyPolicyView.swift in Sources */,
			);
			runOnlyForDeploymentPostprocessing = 0;
		};
/* End PBXSourcesBuildPhase section */

/* Begin XCBuildConfiguration section */
		E0000000000000C1 /* Debug */ = {
			isa = XCBuildConfiguration;
			buildSettings = {
				ASSETCATALOG_COMPILER_APPICON_NAME = AppIcon;
				CLANG_ENABLE_MODULES = YES;
				CODE_SIGN_ENTITLEMENTS = RetroVisionCabsConverter/RetroVisionCabsConverter.entitlements;
				CODE_SIGN_STYLE = Automatic;
				CURRENT_PROJECT_VERSION = 1;
				DEVELOPMENT_TEAM = "";
				ENABLE_HARDENED_RUNTIME = YES;
				GENERATE_INFOPLIST_FILE = NO;
				INFOPLIST_FILE = "$(SRCROOT)/RetroVisionCabsConverter/Info.plist";
				LD_RUNPATH_SEARCH_PATHS = (
					"$(inherited)",
					"@executable_path/../Frameworks",
				);
				MACOSX_DEPLOYMENT_TARGET = 14.0;
				MARKETING_VERSION = 3.0;
				PRODUCT_BUNDLE_IDENTIFIER = com.britx.RetroVisionCabsConverter;
				PRODUCT_NAME = "$(TARGET_NAME)";
				SDKROOT = macosx;
				SWIFT_EMIT_LOC_STRINGS = YES;
				SWIFT_VERSION = 5.0;
			};
			name = Debug;
		};
		E0000000000000C2 /* Release */ = {
			isa = XCBuildConfiguration;
			buildSettings = {
				ASSETCATALOG_COMPILER_APPICON_NAME = AppIcon;
				CLANG_ENABLE_MODULES = YES;
				CODE_SIGN_ENTITLEMENTS = RetroVisionCabsConverter/RetroVisionCabsConverter.entitlements;
				CODE_SIGN_STYLE = Automatic;
				CURRENT_PROJECT_VERSION = 1;
				DEVELOPMENT_TEAM = "";
				ENABLE_HARDENED_RUNTIME = YES;
				GENERATE_INFOPLIST_FILE = NO;
				INFOPLIST_FILE = "$(SRCROOT)/RetroVisionCabsConverter/Info.plist";
				LD_RUNPATH_SEARCH_PATHS = (
					"$(inherited)",
					"@executable_path/../Frameworks",
				);
				MACOSX_DEPLOYMENT_TARGET = 14.0;
				MARKETING_VERSION = 3.0;
				PRODUCT_BUNDLE_IDENTIFIER = com.britx.RetroVisionCabsConverter;
				PRODUCT_NAME = "$(TARGET_NAME)";
				SDKROOT = macosx;
				SWIFT_EMIT_LOC_STRINGS = YES;
				SWIFT_VERSION = 5.0;
			};
			name = Release;
		};
		E0000000000000D1 /* Debug */ = {
			isa = XCBuildConfiguration;
			buildSettings = {
				ALWAYS_SEARCH_USER_PATHS = NO;
				ASSETCATALOG_COMPILER_GENERATE_SWIFT_ASSET_SYMBOL_EXTENSIONS = YES;
				CLANG_ANALYZER_NONNULL = YES;
				CLANG_ANALYZER_NUMBER_OBJECT_CONVERSION = YES_AGGRESSIVE;
				CLANG_CXX_LANGUAGE_STANDARD = "gnu++20";
				CLANG_ENABLE_MODULES = YES;
				CLANG_ENABLE_OBJC_ARC = YES;
				CLANG_ENABLE_OBJC_WEAK = YES;
				CLANG_WARN_BLOCK_CAPTURE_AUTORELEASING = YES;
				CLANG_WARN_BOOL_CONVERSION = YES;
				CLANG_WARN_COMMA = YES;
				CLANG_WARN_CONSTANT_CONVERSION = YES;
				CLANG_WARN_DEPRECATED_OBJC_IMPLEMENTATIONS = YES;
				CLANG_WARN_DIRECT_OBJC_ISA_USAGE = YES_ERROR;
				CLANG_WARN_DOCUMENTATION_COMMENTS = YES;
				CLANG_WARN_EMPTY_BODY = YES;
				CLANG_WARN_ENUM_CONVERSION = YES;
				CLANG_WARN_INFINITE_RECURSION = YES;
				CLANG_WARN_INT_CONVERSION = YES;
				CLANG_WARN_NON_LITERAL_NULL_CONVERSION = YES;
				CLANG_WARN_OBJC_IMPLICIT_RETAIN_SELF = YES;
				CLANG_WARN_OBJC_LITERAL_CONVERSION = YES;
				CLANG_WARN_OBJC_ROOT_CLASS = YES_ERROR;
				CLANG_WARN_QUOTED_INCLUDE_IN_FRAMEWORK_HEADER = YES;
				CLANG_WARN_RANGE_LOOP_ANALYSIS = YES;
				CLANG_WARN_STRICT_PROTOTYPES = YES;
				CLANG_WARN_SUSPICIOUS_MOVE = YES;
				CLANG_WARN_UNGUARDED_AVAILABILITY = YES_AGGRESSIVE;
				CLANG_WARN_UNREACHABLE_CODE = YES;
				CLANG_WARN__DUPLICATE_METHOD_MATCH = YES;
				CODE_SIGN_STYLE = Automatic;
				COPY_PHASE_STRIP = NO;
				DEBUG_INFORMATION_FORMAT = dwarf;
				ENABLE_STRICT_OBJC_MSGSEND = YES;
				ENABLE_TESTABILITY = YES;
				ENABLE_USER_SCRIPT_SANDBOXING = YES;
				GCC_C_LANGUAGE_STANDARD = gnu17;
				GCC_DYNAMIC_NO_PIC = NO;
				GCC_NO_COMMON_BLOCKS = YES;
				GCC_OPTIMIZATION_LEVEL = 0;
				GCC_PREPROCESSOR_DEFINITIONS = (
					"DEBUG=1",
					"$(inherited)",
				);
				GCC_WARN_64_TO_32_BIT_CONVERSION = YES;
				GCC_WARN_ABOUT_RETURN_TYPE = YES_ERROR;
				GCC_WARN_UNDECLARED_SELECTOR = YES;
				GCC_WARN_UNINITIALIZED_AUTOS = YES_AGGRESSIVE;
				GCC_WARN_UNUSED_FUNCTION = YES;
				GCC_WARN_UNUSED_VARIABLE = YES;
				GENERATE_INFOPLIST_FILE = YES;
				LOCALIZATION_PREFERS_STRING_CATALOGS = YES;
				MACOSX_DEPLOYMENT_TARGET = 14.0;
				MTL_ENABLE_DEBUG_INFO = INCLUDE_SOURCE;
				MTL_FAST_MATH = YES;
				ONLY_ACTIVE_ARCH = YES;
				SDKROOT = macosx;
				SWIFT_ACTIVE_COMPILATION_CONDITIONS = "DEBUG $(inherited)";
				SWIFT_OPTIMIZATION_LEVEL = "-Onone";
				SWIFT_VERSION = 5.0;
			};
			name = Debug;
		};
		E0000000000000D2 /* Release */ = {
			isa = XCBuildConfiguration;
			buildSettings = {
				ALWAYS_SEARCH_USER_PATHS = NO;
				ASSETCATALOG_COMPILER_GENERATE_SWIFT_ASSET_SYMBOL_EXTENSIONS = YES;
				CLANG_ANALYZER_NONNULL = YES;
				CLANG_ANALYZER_NUMBER_OBJECT_CONVERSION = YES_AGGRESSIVE;
				CLANG_CXX_LANGUAGE_STANDARD = "gnu++20";
				CLANG_ENABLE_MODULES = YES;
				CLANG_ENABLE_OBJC_ARC = YES;
				CLANG_ENABLE_OBJC_WEAK = YES;
				CLANG_WARN_BLOCK_CAPTURE_AUTORELEASING = YES;
				CLANG_WARN_BOOL_CONVERSION = YES;
				CLANG_WARN_COMMA = YES;
				CLANG_WARN_CONSTANT_CONVERSION = YES;
				CLANG_WARN_DEPRECATED_OBJC_IMPLEMENTATIONS = YES;
				CLANG_WARN_DIRECT_OBJC_ISA_USAGE = YES_ERROR;
				CLANG_WARN_DOCUMENTATION_COMMENTS = YES;
				CLANG_WARN_EMPTY_BODY = YES;
				CLANG_WARN_ENUM_CONVERSION = YES;
				CLANG_WARN_INFINITE_RECURSION = YES;
				CLANG_WARN_INT_CONVERSION = YES;
				CLANG_WARN_NON_LITERAL_NULL_CONVERSION = YES;
				CLANG_WARN_OBJC_IMPLICIT_RETAIN_SELF = YES;
				CLANG_WARN_OBJC_LITERAL_CONVERSION = YES;
				CLANG_WARN_OBJC_ROOT_CLASS = YES_ERROR;
				CLANG_WARN_QUOTED_INCLUDE_IN_FRAMEWORK_HEADER = YES;
				CLANG_WARN_RANGE_LOOP_ANALYSIS = YES;
				CLANG_WARN_STRICT_PROTOTYPES = YES;
				CLANG_WARN_SUSPICIOUS_MOVE = YES;
				CLANG_WARN_UNGUARDED_AVAILABILITY = YES_AGGRESSIVE;
				CLANG_WARN_UNREACHABLE_CODE = YES;
				CLANG_WARN__DUPLICATE_METHOD_MATCH = YES;
				CODE_SIGN_STYLE = Automatic;
				COPY_PHASE_STRIP = NO;
				DEBUG_INFORMATION_FORMAT = "dwarf-with-dsym";
				ENABLE_NS_ASSERTIONS = NO;
				ENABLE_STRICT_OBJC_MSGSEND = YES;
				ENABLE_USER_SCRIPT_SANDBOXING = YES;
				GCC_C_LANGUAGE_STANDARD = gnu17;
				GCC_NO_COMMON_BLOCKS = YES;
				GCC_WARN_64_TO_32_BIT_CONVERSION = YES;
				GCC_WARN_ABOUT_RETURN_TYPE = YES_ERROR;
				GCC_WARN_UNDECLARED_SELECTOR = YES;
				GCC_WARN_UNINITIALIZED_AUTOS = YES_AGGRESSIVE;
				GCC_WARN_UNUSED_FUNCTION = YES;
				GCC_WARN_UNUSED_VARIABLE = YES;
				GENERATE_INFOPLIST_FILE = YES;
				LOCALIZATION_PREFERS_STRING_CATALOGS = YES;
				MACOSX_DEPLOYMENT_TARGET = 14.0;
				MTL_ENABLE_DEBUG_INFO = NO;
				MTL_FAST_MATH = YES;
				SDKROOT = macosx;
				SWIFT_COMPILATION_MODE = wholemodule;
				SWIFT_VERSION = 5.0;
			};
			name = Release;
		};
/* End XCBuildConfiguration section */

/* Begin XCConfigurationList section */
		E0000000000000A0 /* Build configuration list for PBXNativeTarget "RetroVisionCabsConverter" */ = {
			isa = XCConfigurationList;
			buildConfigurations = (
				E0000000000000C1 /* Debug */,
				E0000000000000C2 /* Release */,
			);
			defaultConfigurationIsVisible = 0;
			defaultConfigurationName = Release;
		};
		E0000000000000B0 /* Build configuration list for PBXProject "RetroVisionCabsConverter" */ = {
			isa = XCConfigurationList;
			buildConfigurations = (
				E0000000000000D1 /* Debug */,
				E0000000000000D2 /* Release */,
			);
			defaultConfigurationIsVisible = 0;
			defaultConfigurationName = Release;
		};
/* End XCConfigurationList section */
	};
	rootObject = D000000000000000 /* Project object */;
}
